
Microsoft Visual Studio Solution File, Format Version 12.00
# Visual Studio Version 17
VisualStudioVersion = 17.0.31919.166
MinimumVisualStudioVersion = 10.0.40219.1
Project("{9A19103F-16F7-4668-BE54-9A1E7A4F7556}") = "lolClientUtilities", "lolClientUtilities\lolClientUtilities.csproj", "{0019E9D0-3129-4210-9F6F-F5898C53AB11}"
EndProject
Project("{9A19103F-16F7-4668-BE54-9A1E7A4F7556}") = "pruebasConsola", "preubasConsola\pruebasConsola.csproj", "{406084D8-62C2-4416-9E7E-9ABCF61D077A}"
EndProject
Global
	GlobalSection(SolutionConfigurationPlatforms) = preSolution
		Debug|Any CPU = Debug|Any CPU
		Release|Any CPU = Release|Any CPU
	EndGlobalSection
	GlobalSection(ProjectConfigurationPlatforms) = postSolution
		{0019E9D0-3129-4210-9F6F-F5898C53AB11}.Debug|Any CPU.ActiveCfg = Debug|Any CPU
		{0019E9D0-3129-4210-9F6F-F5898C53AB11}.Debug|Any CPU.Build.0 = Debug|Any CPU
		{0019E9D0-3129-4210-9F6F-F5898C53AB11}.Release|Any CPU.ActiveCfg = Release|Any CPU
		{0019E9D0-3129-4210-9F6F-F5898C53AB11}.Release|Any CPU.Build.0 = Release|Any CPU
		{406084D8-62C2-4416-9E7E-9ABCF61D077A}.Debug|Any CPU.ActiveCfg = Debug|Any CPU
		{406084D8-62C2-4416-9E7E-9ABCF61D077A}.Debug|Any CPU.Build.0 = Debug|Any CPU
		{406084D8-62C2-4416-9E7E-9ABCF61D077A}.Release|Any CPU.ActiveCfg = Release|Any CPU
		{406084D8-62C2-4416-9E7E-9ABCF61D077A}.Release|Any CPU.Build.0 = Release|Any CPU
	EndGlobalSection
	GlobalSection(SolutionProperties) = preSolution
		HideSolutionNode = FALSE
	EndGlobalSection
	GlobalSection(ExtensibilityGlobals) = postSolution
		SolutionGuid = {EF3F8966-1D12-43EE-9277-1501BEC8F59B}
	EndGlobalSection
EndGlobal
